// !$*UTF8*$!
{
	archiveVersion = 1;
	classes = {
	};
	objectVersion = 46;
	objects = {

/* Begin PBXBuildFile section */
		1E0551D81BC7BC000024403B /* Authorization.m in Sources */ = {isa = PBXBuildFile; fileRef = 1E0551D71BC7BC000024403B /* Authorization.m */; };
		1E0551DB1BCBE3EB0024403B /* HomeTimelineTableViewController.m in Sources */ = {isa = PBXBuildFile; fileRef = 1E0551DA1BCBE3EB0024403B /* HomeTimelineTableViewController.m */; };
		1E3E6DB51BC40A8D00A98CCC /* main.m in Sources */ = {isa = PBXBuildFile; fileRef = 1E3E6DB41BC40A8D00A98CCC /* main.m */; };
		1E3E6DB81BC40A8D00A98CCC /* AppDelegate.m in Sources */ = {isa = PBXBuildFile; fileRef = 1E3E6DB71BC40A8D00A98CCC /* AppDelegate.m */; };
		1E3E6DBE1BC40A8D00A98CCC /* Main.storyboard in Resources */ = {isa = PBXBuildFile; fileRef = 1E3E6DBC1BC40A8D00A98CCC /* Main.storyboard */; };
		1E3E6DC11BC40A8D00A98CCC /* Tweet_to.xcdatamodeld in Sources */ = {isa = PBXBuildFile; fileRef = 1E3E6DBF1BC40A8D00A98CCC /* Tweet_to.xcdatamodeld */; };
		1E3E6DC31BC40A8D00A98CCC /* Assets.xcassets in Resources */ = {isa = PBXBuildFile; fileRef = 1E3E6DC21BC40A8D00A98CCC /* Assets.xcassets */; };
		1E3E6DC61BC40A8D00A98CCC /* LaunchScreen.storyboard in Resources */ = {isa = PBXBuildFile; fileRef = 1E3E6DC41BC40A8D00A98CCC /* LaunchScreen.storyboard */; };
		1E3E6DD11BC40A8D00A98CCC /* Tweet_toTests.m in Sources */ = {isa = PBXBuildFile; fileRef = 1E3E6DD01BC40A8D00A98CCC /* Tweet_toTests.m */; };
		1E3E6DDC1BC40A8D00A98CCC /* Tweet_toUITests.m in Sources */ = {isa = PBXBuildFile; fileRef = 1E3E6DDB1BC40A8D00A98CCC /* Tweet_toUITests.m */; };
		1E3E6E1C1BC54AEA00A98CCC /* TwitterFeed.m in Sources */ = {isa = PBXBuildFile; fileRef = 1E3E6E1B1BC54AEA00A98CCC /* TwitterFeed.m */; };
		1E4849071BE8D9CD00E7A3DA /* OauthSLFramework.m in Sources */ = {isa = PBXBuildFile; fileRef = 1E4849061BE8D9CD00E7A3DA /* OauthSLFramework.m */; };
		1E48490B1BECCBB500E7A3DA /* FollowerTableViewController.m in Sources */ = {isa = PBXBuildFile; fileRef = 1E48490A1BECCBB500E7A3DA /* FollowerTableViewController.m */; };
		1E4849181BEEA2CE00E7A3DA /* User.m in Sources */ = {isa = PBXBuildFile; fileRef = 1E4849121BEEA2CD00E7A3DA /* User.m */; };
		1E48491A1BEEA2CE00E7A3DA /* Tweet.m in Sources */ = {isa = PBXBuildFile; fileRef = 1E4849161BEEA2CD00E7A3DA /* Tweet.m */; };
		1E48491D1BF139F300E7A3DA /* NSString+TwitterEncode.m in Sources */ = {isa = PBXBuildFile; fileRef = 1E48491C1BF139F300E7A3DA /* NSString+TwitterEncode.m */; };
		1E48493D1BFA2AE700E7A3DA /* RootTabBarController.m in Sources */ = {isa = PBXBuildFile; fileRef = 1E48493C1BFA2AE700E7A3DA /* RootTabBarController.m */; };
		1E4849421BFA7E3100E7A3DA /* Tweet+CoreDataProperties.m in Sources */ = {isa = PBXBuildFile; fileRef = 1E48493F1BFA7E3100E7A3DA /* Tweet+CoreDataProperties.m */; };
		1E4849431BFA7E3100E7A3DA /* User+CoreDataProperties.m in Sources */ = {isa = PBXBuildFile; fileRef = 1E4849411BFA7E3100E7A3DA /* User+CoreDataProperties.m */; };
		1E5572F91BD6822500129DB8 /* CreateTweetViewController.m in Sources */ = {isa = PBXBuildFile; fileRef = 1E5572F81BD6822500129DB8 /* CreateTweetViewController.m */; };
		1E5573081BDA51D200129DB8 /* UserTimelineTableViewController.m in Sources */ = {isa = PBXBuildFile; fileRef = 1E5573071BDA51D200129DB8 /* UserTimelineTableViewController.m */; };
		1E55730F1BDE633B00129DB8 /* ImageDownload.m in Sources */ = {isa = PBXBuildFile; fileRef = 1E55730E1BDE633B00129DB8 /* ImageDownload.m */; };
		1E5573111BDE74E500129DB8 /* twitter-background.png in Resources */ = {isa = PBXBuildFile; fileRef = 1E5573101BDE74E500129DB8 /* twitter-background.png */; };
		1E773AC41BDF7562007A2C75 /* GenericTweetTableViewController.m in Sources */ = {isa = PBXBuildFile; fileRef = 1E773AC31BDF7562007A2C75 /* GenericTweetTableViewController.m */; };
		1E773AC81BDF9C89007A2C75 /* MyTweetsTableViewController.m in Sources */ = {isa = PBXBuildFile; fileRef = 1E773AC71BDF9C89007A2C75 /* MyTweetsTableViewController.m */; };
		1E773ACC1BDFA7AB007A2C75 /* twitter-about.png in Resources */ = {isa = PBXBuildFile; fileRef = 1E773ACB1BDFA7AB007A2C75 /* twitter-about.png */; };
		1EFDD7EC1BCFB6D8004849A1 /* TweetTableViewCell.m in Sources */ = {isa = PBXBuildFile; fileRef = 1EFDD7EB1BCFB6D8004849A1 /* TweetTableViewCell.m */; };
/* End PBXBuildFile section */

/* Begin PBXContainerItemProxy section */
		1E3E6DCD1BC40A8D00A98CCC /* PBXContainerItemProxy */ = {
			isa = PBXContainerItemProxy;
			containerPortal = 1E3E6DA81BC40A8D00A98CCC /* Project object */;
			proxyType = 1;
			remoteGlobalIDString = 1E3E6DAF1BC40A8D00A98CCC;
			remoteInfo = "Tweet-to";
		};
		1E3E6DD81BC40A8D00A98CCC /* PBXContainerItemProxy */ = {
			isa = PBXContainerItemProxy;
			containerPortal = 1E3E6DA81BC40A8D00A98CCC /* Project object */;
			proxyType = 1;
			remoteGlobalIDString = 1E3E6DAF1BC40A8D00A98CCC;
			remoteInfo = "Tweet-to";
		};
/* End PBXContainerItemProxy section */

/* Begin PBXFileReference section */
		1E0551D61BC7BC000024403B /* Authorization.h */ = {isa = PBXFileReference; fileEncoding = 4; lastKnownFileType = sourcecode.c.h; name = Authorization.h; path = "Tweet-to/Authorization.h"; sourceTree = "<group>"; };
		1E0551D71BC7BC000024403B /* Authorization.m */ = {isa = PBXFileReference; fileEncoding = 4; lastKnownFileType = sourcecode.c.objc; name = Authorization.m; path = "Tweet-to/Authorization.m"; sourceTree = "<group>"; };
		1E0551D91BCBE3EB0024403B /* HomeTimelineTableViewController.h */ = {isa = PBXFileReference; fileEncoding = 4; lastKnownFileType = sourcecode.c.h; path = HomeTimelineTableViewController.h; sourceTree = "<group>"; };
		1E0551DA1BCBE3EB0024403B /* HomeTimelineTableViewController.m */ = {isa = PBXFileReference; fileEncoding = 4; lastKnownFileType = sourcecode.c.objc; path = HomeTimelineTableViewController.m; sourceTree = "<group>"; };
		1E3E6DB01BC40A8D00A98CCC /* Tweet-to.app */ = {isa = PBXFileReference; explicitFileType = wrapper.application; includeInIndex = 0; path = "Tweet-to.app"; sourceTree = BUILT_PRODUCTS_DIR; };
		1E3E6DB41BC40A8D00A98CCC /* main.m */ = {isa = PBXFileReference; lastKnownFileType = sourcecode.c.objc; path = main.m; sourceTree = "<group>"; };
		1E3E6DB61BC40A8D00A98CCC /* AppDelegate.h */ = {isa = PBXFileReference; lastKnownFileType = sourcecode.c.h; path = AppDelegate.h; sourceTree = "<group>"; };
		1E3E6DB71BC40A8D00A98CCC /* AppDelegate.m */ = {isa = PBXFileReference; lastKnownFileType = sourcecode.c.objc; path = AppDelegate.m; sourceTree = "<group>"; };
		1E3E6DBD1BC40A8D00A98CCC /* Base */ = {isa = PBXFileReference; lastKnownFileType = file.storyboard; name = Base; path = Base.lproj/Main.storyboard; sourceTree = "<group>"; };
		1E3E6DC01BC40A8D00A98CCC /* Tweet_to.xcdatamodel */ = {isa = PBXFileReference; lastKnownFileType = wrapper.xcdatamodel; path = Tweet_to.xcdatamodel; sourceTree = "<group>"; };
		1E3E6DC21BC40A8D00A98CCC /* Assets.xcassets */ = {isa = PBXFileReference; lastKnownFileType = folder.assetcatalog; path = Assets.xcassets; sourceTree = "<group>"; };
		1E3E6DC51BC40A8D00A98CCC /* Base */ = {isa = PBXFileReference; lastKnownFileType = file.storyboard; name = Base; path = Base.lproj/LaunchScreen.storyboard; sourceTree = "<group>"; };
		1E3E6DC71BC40A8D00A98CCC /* Info.plist */ = {isa = PBXFileReference; lastKnownFileType = text.plist.xml; path = Info.plist; sourceTree = "<group>"; };
		1E3E6DCC1BC40A8D00A98CCC /* Tweet-toTests.xctest */ = {isa = PBXFileReference; explicitFileType = wrapper.cfbundle; includeInIndex = 0; path = "Tweet-toTests.xctest"; sourceTree = BUILT_PRODUCTS_DIR; };
		1E3E6DD01BC40A8D00A98CCC /* Tweet_toTests.m */ = {isa = PBXFileReference; lastKnownFileType = sourcecode.c.objc; path = Tweet_toTests.m; sourceTree = "<group>"; };
		1E3E6DD21BC40A8D00A98CCC /* Info.plist */ = {isa = PBXFileReference; lastKnownFileType = text.plist.xml; path = Info.plist; sourceTree = "<group>"; };
		1E3E6DD71BC40A8D00A98CCC /* Tweet-toUITests.xctest */ = {isa = PBXFileReference; explicitFileType = wrapper.cfbundle; includeInIndex = 0; path = "Tweet-toUITests.xctest"; sourceTree = BUILT_PRODUCTS_DIR; };
		1E3E6DDB1BC40A8D00A98CCC /* Tweet_toUITests.m */ = {isa = PBXFileReference; lastKnownFileType = sourcecode.c.objc; path = Tweet_toUITests.m; sourceTree = "<group>"; };
		1E3E6DDD1BC40A8D00A98CCC /* Info.plist */ = {isa = PBXFileReference; lastKnownFileType = text.plist.xml; path = Info.plist; sourceTree = "<group>"; };
		1E3E6E1A1BC54AEA00A98CCC /* TwitterFeed.h */ = {isa = PBXFileReference; fileEncoding = 4; lastKnownFileType = sourcecode.c.h; name = TwitterFeed.h; path = "Tweet-to/TwitterFeed.h"; sourceTree = "<group>"; usesTabs = 1; };
		1E3E6E1B1BC54AEA00A98CCC /* TwitterFeed.m */ = {isa = PBXFileReference; fileEncoding = 4; lastKnownFileType = sourcecode.c.objc; name = TwitterFeed.m; path = "Tweet-to/TwitterFeed.m"; sourceTree = "<group>"; };
		1E4849041BE8D98F00E7A3DA /* ConsumerTokens.h */ = {isa = PBXFileReference; lastKnownFileType = sourcecode.c.h; path = ConsumerTokens.h; sourceTree = "<group>"; };
		1E4849051BE8D9CD00E7A3DA /* OauthSLFramework.h */ = {isa = PBXFileReference; fileEncoding = 4; lastKnownFileType = sourcecode.c.h; name = OauthSLFramework.h; path = "Tweet-to/OauthSLFramework.h"; sourceTree = "<group>"; };
		1E4849061BE8D9CD00E7A3DA /* OauthSLFramework.m */ = {isa = PBXFileReference; fileEncoding = 4; lastKnownFileType = sourcecode.c.objc; name = OauthSLFramework.m; path = "Tweet-to/OauthSLFramework.m"; sourceTree = "<group>"; };
		1E4849091BECCBB500E7A3DA /* FollowerTableViewController.h */ = {isa = PBXFileReference; fileEncoding = 4; lastKnownFileType = sourcecode.c.h; path = FollowerTableViewController.h; sourceTree = "<group>"; };
		1E48490A1BECCBB500E7A3DA /* FollowerTableViewController.m */ = {isa = PBXFileReference; fileEncoding = 4; lastKnownFileType = sourcecode.c.objc; path = FollowerTableViewController.m; sourceTree = "<group>"; };
		1E48490E1BECFD6100E7A3DA /* FollowingJsonParams.h */ = {isa = PBXFileReference; lastKnownFileType = sourcecode.c.h; name = FollowingJsonParams.h; path = "Tweet-to/FollowingJsonParams.h"; sourceTree = "<group>"; };
		1E4849111BEEA2CD00E7A3DA /* User.h */ = {isa = PBXFileReference; fileEncoding = 4; lastKnownFileType = sourcecode.c.h; name = User.h; path = "Tweet-to/User.h"; sourceTree = "<group>"; xcLanguageSpecificationIdentifier = xcode.lang.objc; };
		1E4849121BEEA2CD00E7A3DA /* User.m */ = {isa = PBXFileReference; fileEncoding = 4; lastKnownFileType = sourcecode.c.objc; name = User.m; path = "Tweet-to/User.m"; sourceTree = "<group>"; };
		1E4849151BEEA2CD00E7A3DA /* Tweet.h */ = {isa = PBXFileReference; fileEncoding = 4; lastKnownFileType = sourcecode.c.h; name = Tweet.h; path = "Tweet-to/Tweet.h"; sourceTree = "<group>"; };
		1E4849161BEEA2CD00E7A3DA /* Tweet.m */ = {isa = PBXFileReference; fileEncoding = 4; lastKnownFileType = sourcecode.c.objc; name = Tweet.m; path = "Tweet-to/Tweet.m"; sourceTree = "<group>"; };
		1E48491B1BF139F300E7A3DA /* NSString+TwitterEncode.h */ = {isa = PBXFileReference; fileEncoding = 4; lastKnownFileType = sourcecode.c.h; name = "NSString+TwitterEncode.h"; path = "Tweet-to/NSString+TwitterEncode.h"; sourceTree = "<group>"; };
		1E48491C1BF139F300E7A3DA /* NSString+TwitterEncode.m */ = {isa = PBXFileReference; fileEncoding = 4; lastKnownFileType = sourcecode.c.objc; name = "NSString+TwitterEncode.m"; path = "Tweet-to/NSString+TwitterEncode.m"; sourceTree = "<group>"; };
		1E48493B1BFA2AE700E7A3DA /* RootTabBarController.h */ = {isa = PBXFileReference; fileEncoding = 4; lastKnownFileType = sourcecode.c.h; path = RootTabBarController.h; sourceTree = "<group>"; };
		1E48493C1BFA2AE700E7A3DA /* RootTabBarController.m */ = {isa = PBXFileReference; fileEncoding = 4; lastKnownFileType = sourcecode.c.objc; path = RootTabBarController.m; sourceTree = "<group>"; };
		1E48493E1BFA7E3100E7A3DA /* Tweet+CoreDataProperties.h */ = {isa = PBXFileReference; fileEncoding = 4; lastKnownFileType = sourcecode.c.h; name = "Tweet+CoreDataProperties.h"; path = "Tweet-to/Tweet+CoreDataProperties.h"; sourceTree = "<group>"; };
		1E48493F1BFA7E3100E7A3DA /* Tweet+CoreDataProperties.m */ = {isa = PBXFileReference; fileEncoding = 4; lastKnownFileType = sourcecode.c.objc; name = "Tweet+CoreDataProperties.m"; path = "Tweet-to/Tweet+CoreDataProperties.m"; sourceTree = "<group>"; };
		1E4849401BFA7E3100E7A3DA /* User+CoreDataProperties.h */ = {isa = PBXFileReference; fileEncoding = 4; lastKnownFileType = sourcecode.c.h; name = "User+CoreDataProperties.h"; path = "Tweet-to/User+CoreDataProperties.h"; sourceTree = "<group>"; };
		1E4849411BFA7E3100E7A3DA /* User+CoreDataProperties.m */ = {isa = PBXFileReference; fileEncoding = 4; lastKnownFileType = sourcecode.c.objc; name = "User+CoreDataProperties.m"; path = "Tweet-to/User+CoreDataProperties.m"; sourceTree = "<group>"; };
		1E5572F71BD6822500129DB8 /* CreateTweetViewController.h */ = {isa = PBXFileReference; fileEncoding = 4; lastKnownFileType = sourcecode.c.h; path = CreateTweetViewController.h; sourceTree = "<group>"; };
		1E5572F81BD6822500129DB8 /* CreateTweetViewController.m */ = {isa = PBXFileReference; fileEncoding = 4; lastKnownFileType = sourcecode.c.objc; path = CreateTweetViewController.m; sourceTree = "<group>"; };
		1E5573061BDA51D200129DB8 /* UserTimelineTableViewController.h */ = {isa = PBXFileReference; fileEncoding = 4; lastKnownFileType = sourcecode.c.h; path = UserTimelineTableViewController.h; sourceTree = "<group>"; };
		1E5573071BDA51D200129DB8 /* UserTimelineTableViewController.m */ = {isa = PBXFileReference; fileEncoding = 4; lastKnownFileType = sourcecode.c.objc; path = UserTimelineTableViewController.m; sourceTree = "<group>"; };
		1E55730B1BDE43AA00129DB8 /* UserJsonParams.h */ = {isa = PBXFileReference; lastKnownFileType = sourcecode.c.h; name = UserJsonParams.h; path = "Tweet-to/UserJsonParams.h"; sourceTree = "<group>"; };
		1E55730D1BDE633B00129DB8 /* ImageDownload.h */ = {isa = PBXFileReference; fileEncoding = 4; lastKnownFileType = sourcecode.c.h; path = ImageDownload.h; sourceTree = "<group>"; };
		1E55730E1BDE633B00129DB8 /* ImageDownload.m */ = {isa = PBXFileReference; fileEncoding = 4; lastKnownFileType = sourcecode.c.objc; path = ImageDownload.m; sourceTree = "<group>"; };
		1E5573101BDE74E500129DB8 /* twitter-background.png */ = {isa = PBXFileReference; lastKnownFileType = image.png; path = "twitter-background.png"; sourceTree = "<group>"; };
		1E773AC21BDF7562007A2C75 /* GenericTweetTableViewController.h */ = {isa = PBXFileReference; fileEncoding = 4; lastKnownFileType = sourcecode.c.h; path = GenericTweetTableViewController.h; sourceTree = "<group>"; };
		1E773AC31BDF7562007A2C75 /* GenericTweetTableViewController.m */ = {isa = PBXFileReference; fileEncoding = 4; lastKnownFileType = sourcecode.c.objc; path = GenericTweetTableViewController.m; sourceTree = "<group>"; };
		1E773AC61BDF9C89007A2C75 /* MyTweetsTableViewController.h */ = {isa = PBXFileReference; fileEncoding = 4; lastKnownFileType = sourcecode.c.h; path = MyTweetsTableViewController.h; sourceTree = "<group>"; };
		1E773AC71BDF9C89007A2C75 /* MyTweetsTableViewController.m */ = {isa = PBXFileReference; fileEncoding = 4; lastKnownFileType = sourcecode.c.objc; path = MyTweetsTableViewController.m; sourceTree = "<group>"; };
		1E773ACB1BDFA7AB007A2C75 /* twitter-about.png */ = {isa = PBXFileReference; lastKnownFileType = image.png; path = "twitter-about.png"; sourceTree = "<group>"; };
		1EFDD7E41BCD3BFE004849A1 /* TweetJsonParams.h */ = {isa = PBXFileReference; fileEncoding = 4; lastKnownFileType = sourcecode.c.h; name = TweetJsonParams.h; path = "Tweet-to/TweetJsonParams.h"; sourceTree = "<group>"; };
		1EFDD7EA1BCFB6D8004849A1 /* TweetTableViewCell.h */ = {isa = PBXFileReference; fileEncoding = 4; lastKnownFileType = sourcecode.c.h; path = TweetTableViewCell.h; sourceTree = "<group>"; };
		1EFDD7EB1BCFB6D8004849A1 /* TweetTableViewCell.m */ = {isa = PBXFileReference; fileEncoding = 4; lastKnownFileType = sourcecode.c.objc; path = TweetTableViewCell.m; sourceTree = "<group>"; };
/* End PBXFileReference section */

/* Begin PBXFrameworksBuildPhase section */
		1E3E6DAD1BC40A8D00A98CCC /* Frameworks */ = {
			isa = PBXFrameworksBuildPhase;
			buildActionMask = 2147483647;
			files = (
			);
			runOnlyForDeploymentPostprocessing = 0;
		};
		1E3E6DC91BC40A8D00A98CCC /* Frameworks */ = {
			isa = PBXFrameworksBuildPhase;
			buildActionMask = 2147483647;
			files = (
			);
			runOnlyForDeploymentPostprocessing = 0;
		};
		1E3E6DD41BC40A8D00A98CCC /* Frameworks */ = {
			isa = PBXFrameworksBuildPhase;
			buildActionMask = 2147483647;
			files = (
			);
			runOnlyForDeploymentPostprocessing = 0;
		};
/* End PBXFrameworksBuildPhase section */

/* Begin PBXGroup section */
		1E3E6DA71BC40A8D00A98CCC = {
			isa = PBXGroup;
			children = (
				1E3E6DB21BC40A8D00A98CCC /* Tweet-to */,
				1E3E6DCF1BC40A8D00A98CCC /* Tweet-toTests */,
				1E3E6DDA1BC40A8D00A98CCC /* Tweet-toUITests */,
				1E3E6DB11BC40A8D00A98CCC /* Products */,
			);
			sourceTree = "<group>";
		};
		1E3E6DB11BC40A8D00A98CCC /* Products */ = {
			isa = PBXGroup;
			children = (
				1E3E6DB01BC40A8D00A98CCC /* Tweet-to.app */,
				1E3E6DCC1BC40A8D00A98CCC /* Tweet-toTests.xctest */,
				1E3E6DD71BC40A8D00A98CCC /* Tweet-toUITests.xctest */,
			);
			name = Products;
			sourceTree = "<group>";
		};
		1E3E6DB21BC40A8D00A98CCC /* Tweet-to */ = {
			isa = PBXGroup;
			children = (
				1E4849041BE8D98F00E7A3DA /* ConsumerTokens.h */,
				1E3E6DB61BC40A8D00A98CCC /* AppDelegate.h */,
				1E3E6DB71BC40A8D00A98CCC /* AppDelegate.m */,
				1E3E6DE91BC4107200A98CCC /* Model */,
				1E3E6E191BC5378000A98CCC /* Controller */,
				1E3E6DC21BC40A8D00A98CCC /* Assets.xcassets */,
				1E48491E1BF1E95D00E7A3DA /* Image Assets */,
				1E3E6DB31BC40A8D00A98CCC /* Supporting Files */,
				1E3E6DBC1BC40A8D00A98CCC /* Main.storyboard */,
				1E3E6DC41BC40A8D00A98CCC /* LaunchScreen.storyboard */,
				1E3E6DC71BC40A8D00A98CCC /* Info.plist */,
				1E3E6DBF1BC40A8D00A98CCC /* Tweet_to.xcdatamodeld */,
			);
			path = "Tweet-to";
			sourceTree = "<group>";
		};
		1E3E6DB31BC40A8D00A98CCC /* Supporting Files */ = {
			isa = PBXGroup;
			children = (
				1E3E6DB41BC40A8D00A98CCC /* main.m */,
			);
			name = "Supporting Files";
			sourceTree = "<group>";
		};
		1E3E6DCF1BC40A8D00A98CCC /* Tweet-toTests */ = {
			isa = PBXGroup;
			children = (
				1E3E6DD01BC40A8D00A98CCC /* Tweet_toTests.m */,
				1E3E6DD21BC40A8D00A98CCC /* Info.plist */,
			);
			path = "Tweet-toTests";
			sourceTree = "<group>";
		};
		1E3E6DDA1BC40A8D00A98CCC /* Tweet-toUITests */ = {
			isa = PBXGroup;
			children = (
				1E3E6DDB1BC40A8D00A98CCC /* Tweet_toUITests.m */,
				1E3E6DDD1BC40A8D00A98CCC /* Info.plist */,
			);
			path = "Tweet-toUITests";
			sourceTree = "<group>";
		};
		1E3E6DE91BC4107200A98CCC /* Model */ = {
			isa = PBXGroup;
			children = (
				1EFDD7E41BCD3BFE004849A1 /* TweetJsonParams.h */,
				1E55730B1BDE43AA00129DB8 /* UserJsonParams.h */,
				1E48490E1BECFD6100E7A3DA /* FollowingJsonParams.h */,
				1E3E6E1A1BC54AEA00A98CCC /* TwitterFeed.h */,
				1E3E6E1B1BC54AEA00A98CCC /* TwitterFeed.m */,
				1E48490D1BECF6AC00E7A3DA /* Entities */,
				1E48490C1BECF69A00E7A3DA /* Authentication */,
			);
			name = Model;
			path = ..;
			sourceTree = "<group>";
		};
		1E3E6E191BC5378000A98CCC /* Controller */ = {
			isa = PBXGroup;
			children = (
				1E48493B1BFA2AE700E7A3DA /* RootTabBarController.h */,
				1E48493C1BFA2AE700E7A3DA /* RootTabBarController.m */,
				1E48493A1BF8D4B100E7A3DA /* Timelines */,
				1E4849081BECCB5C00E7A3DA /* Follow */,
				1E55730A1BDA814B00129DB8 /* Tweet */,
				1E55730C1BDE62F300129DB8 /* Helper Classes */,
			);
			name = Controller;
			sourceTree = "<group>";
		};
		1E4849081BECCB5C00E7A3DA /* Follow */ = {
			isa = PBXGroup;
			children = (
				1E4849091BECCBB500E7A3DA /* FollowerTableViewController.h */,
				1E48490A1BECCBB500E7A3DA /* FollowerTableViewController.m */,
			);
			name = Follow;
			sourceTree = "<group>";
		};
		1E48490C1BECF69A00E7A3DA /* Authentication */ = {
			isa = PBXGroup;
			children = (
				1E0551D61BC7BC000024403B /* Authorization.h */,
				1E0551D71BC7BC000024403B /* Authorization.m */,
				1E4849051BE8D9CD00E7A3DA /* OauthSLFramework.h */,
				1E4849061BE8D9CD00E7A3DA /* OauthSLFramework.m */,
				1E48491B1BF139F300E7A3DA /* NSString+TwitterEncode.h */,
				1E48491C1BF139F300E7A3DA /* NSString+TwitterEncode.m */,
			);
			name = Authentication;
			sourceTree = "<group>";
		};
		1E48490D1BECF6AC00E7A3DA /* Entities */ = {
			isa = PBXGroup;
			children = (
				1E48493E1BFA7E3100E7A3DA /* Tweet+CoreDataProperties.h */,
				1E48493F1BFA7E3100E7A3DA /* Tweet+CoreDataProperties.m */,
				1E4849401BFA7E3100E7A3DA /* User+CoreDataProperties.h */,
				1E4849411BFA7E3100E7A3DA /* User+CoreDataProperties.m */,
				1E4849111BEEA2CD00E7A3DA /* User.h */,
				1E4849121BEEA2CD00E7A3DA /* User.m */,
				1E4849151BEEA2CD00E7A3DA /* Tweet.h */,
				1E4849161BEEA2CD00E7A3DA /* Tweet.m */,
			);
			name = Entities;
			sourceTree = "<group>";
		};
		1E48491E1BF1E95D00E7A3DA /* Image Assets */ = {
			isa = PBXGroup;
			children = (
				1E773ACB1BDFA7AB007A2C75 /* twitter-about.png */,
				1E5573101BDE74E500129DB8 /* twitter-background.png */,
			);
			name = "Image Assets";
			sourceTree = "<group>";
		};
		1E48493A1BF8D4B100E7A3DA /* Timelines */ = {
			isa = PBXGroup;
			children = (
				1EFDD7EA1BCFB6D8004849A1 /* TweetTableViewCell.h */,
				1EFDD7EB1BCFB6D8004849A1 /* TweetTableViewCell.m */,
				1E773AC21BDF7562007A2C75 /* GenericTweetTableViewController.h */,
				1E773AC31BDF7562007A2C75 /* GenericTweetTableViewController.m */,
				1E5572FA1BD6D42100129DB8 /* Home */,
				1E5573091BDA51D700129DB8 /* User */,
			);
			name = Timelines;
			sourceTree = "<group>";
		};
		1E5572FA1BD6D42100129DB8 /* Home */ = {
			isa = PBXGroup;
			children = (
				1E0551D91BCBE3EB0024403B /* HomeTimelineTableViewController.h */,
				1E0551DA1BCBE3EB0024403B /* HomeTimelineTableViewController.m */,
			);
			name = Home;
			sourceTree = "<group>";
		};
		1E5573091BDA51D700129DB8 /* User */ = {
			isa = PBXGroup;
			children = (
				1E5573061BDA51D200129DB8 /* UserTimelineTableViewController.h */,
				1E5573071BDA51D200129DB8 /* UserTimelineTableViewController.m */,
				1E773AC51BDF9BA3007A2C75 /* Me */,
			);
			name = User;
			sourceTree = "<group>";
		};
		1E55730A1BDA814B00129DB8 /* Tweet */ = {
			isa = PBXGroup;
			children = (
				1E5572F71BD6822500129DB8 /* CreateTweetViewController.h */,
				1E5572F81BD6822500129DB8 /* CreateTweetViewController.m */,
			);
			name = Tweet;
			sourceTree = "<group>";
		};
		1E55730C1BDE62F300129DB8 /* Helper Classes */ = {
			isa = PBXGroup;
			children = (
				1E55730D1BDE633B00129DB8 /* ImageDownload.h */,
				1E55730E1BDE633B00129DB8 /* ImageDownload.m */,
			);
			name = "Helper Classes";
			sourceTree = "<group>";
		};
		1E773AC51BDF9BA3007A2C75 /* Me */ = {
			isa = PBXGroup;
			children = (
				1E773AC61BDF9C89007A2C75 /* MyTweetsTableViewController.h */,
				1E773AC71BDF9C89007A2C75 /* MyTweetsTableViewController.m */,
			);
			name = Me;
			sourceTree = "<group>";
		};
/* End PBXGroup section */

/* Begin PBXNativeTarget section */
		1E3E6DAF1BC40A8D00A98CCC /* Tweet-to */ = {
			isa = PBXNativeTarget;
			buildConfigurationList = 1E3E6DE01BC40A8D00A98CCC /* Build configuration list for PBXNativeTarget "Tweet-to" */;
			buildPhases = (
				1E3E6DAC1BC40A8D00A98CCC /* Sources */,
				1E3E6DAD1BC40A8D00A98CCC /* Frameworks */,
				1E3E6DAE1BC40A8D00A98CCC /* Resources */,
			);
			buildRules = (
			);
			dependencies = (
			);
			name = "Tweet-to";
			productName = "Tweet-to";
			productReference = 1E3E6DB01BC40A8D00A98CCC /* Tweet-to.app */;
			productType = "com.apple.product-type.application";
		};
		1E3E6DCB1BC40A8D00A98CCC /* Tweet-toTests */ = {
			isa = PBXNativeTarget;
			buildConfigurationList = 1E3E6DE31BC40A8D00A98CCC /* Build configuration list for PBXNativeTarget "Tweet-toTests" */;
			buildPhases = (
				1E3E6DC81BC40A8D00A98CCC /* Sources */,
				1E3E6DC91BC40A8D00A98CCC /* Frameworks */,
				1E3E6DCA1BC40A8D00A98CCC /* Resources */,
			);
			buildRules = (
			);
			dependencies = (
				1E3E6DCE1BC40A8D00A98CCC /* PBXTargetDependency */,
			);
			name = "Tweet-toTests";
			productName = "Tweet-toTests";
			productReference = 1E3E6DCC1BC40A8D00A98CCC /* Tweet-toTests.xctest */;
			productType = "com.apple.product-type.bundle.unit-test";
		};
		1E3E6DD61BC40A8D00A98CCC /* Tweet-toUITests */ = {
			isa = PBXNativeTarget;
			buildConfigurationList = 1E3E6DE61BC40A8D00A98CCC /* Build configuration list for PBXNativeTarget "Tweet-toUITests" */;
			buildPhases = (
				1E3E6DD31BC40A8D00A98CCC /* Sources */,
				1E3E6DD41BC40A8D00A98CCC /* Frameworks */,
				1E3E6DD51BC40A8D00A98CCC /* Resources */,
			);
			buildRules = (
			);
			dependencies = (
				1E3E6DD91BC40A8D00A98CCC /* PBXTargetDependency */,
			);
			name = "Tweet-toUITests";
			productName = "Tweet-toUITests";
			productReference = 1E3E6DD71BC40A8D00A98CCC /* Tweet-toUITests.xctest */;
			productType = "com.apple.product-type.bundle.ui-testing";
		};
/* End PBXNativeTarget section */

/* Begin PBXProject section */
		1E3E6DA81BC40A8D00A98CCC /* Project object */ = {
			isa = PBXProject;
			attributes = {
				LastUpgradeCheck = 0700;
				ORGANIZATIONNAME = Riva;
				TargetAttributes = {
					1E3E6DAF1BC40A8D00A98CCC = {
						CreatedOnToolsVersion = 7.0;
						DevelopmentTeam = E5MMMZZV26;
					};
					1E3E6DCB1BC40A8D00A98CCC = {
						CreatedOnToolsVersion = 7.0;
						TestTargetID = 1E3E6DAF1BC40A8D00A98CCC;
					};
					1E3E6DD61BC40A8D00A98CCC = {
						CreatedOnToolsVersion = 7.0;
						TestTargetID = 1E3E6DAF1BC40A8D00A98CCC;
					};
				};
			};
			buildConfigurationList = 1E3E6DAB1BC40A8D00A98CCC /* Build configuration list for PBXProject "Tweet-to" */;
			compatibilityVersion = "Xcode 3.2";
			developmentRegion = English;
			hasScannedForEncodings = 0;
			knownRegions = (
				en,
				Base,
			);
			mainGroup = 1E3E6DA71BC40A8D00A98CCC;
			productRefGroup = 1E3E6DB11BC40A8D00A98CCC /* Products */;
			projectDirPath = "";
			projectRoot = "";
			targets = (
				1E3E6DAF1BC40A8D00A98CCC /* Tweet-to */,
				1E3E6DCB1BC40A8D00A98CCC /* Tweet-toTests */,
				1E3E6DD61BC40A8D00A98CCC /* Tweet-toUITests */,
			);
		};
/* End PBXProject section */

/* Begin PBXResourcesBuildPhase section */
		1E3E6DAE1BC40A8D00A98CCC /* Resources */ = {
			isa = PBXResourcesBuildPhase;
			buildActionMask = 2147483647;
			files = (
				1E3E6DC61BC40A8D00A98CCC /* LaunchScreen.storyboard in Resources */,
				1E3E6DC31BC40A8D00A98CCC /* Assets.xcassets in Resources */,
				1E3E6DBE1BC40A8D00A98CCC /* Main.storyboard in Resources */,
				1E5573111BDE74E500129DB8 /* twitter-background.png in Resources */,
				1E773ACC1BDFA7AB007A2C75 /* twitter-about.png in Resources */,
			);
			runOnlyForDeploymentPostprocessing = 0;
		};
		1E3E6DCA1BC40A8D00A98CCC /* Resources */ = {
			isa = PBXResourcesBuildPhase;
			buildActionMask = 2147483647;
			files = (
			);
			runOnlyForDeploymentPostprocessing = 0;
		};
		1E3E6DD51BC40A8D00A98CCC /* Resources */ = {
			isa = PBXResourcesBuildPhase;
			buildActionMask = 2147483647;
			files = (
			);
			runOnlyForDeploymentPostprocessing = 0;
		};
/* End PBXResourcesBuildPhase section */

/* Begin PBXSourcesBuildPhase section */
		1E3E6DAC1BC40A8D00A98CCC /* Sources */ = {
			isa = PBXSourcesBuildPhase;
			buildActionMask = 2147483647;
			files = (
				1E4849431BFA7E3100E7A3DA /* User+CoreDataProperties.m in Sources */,
				1E48493D1BFA2AE700E7A3DA /* RootTabBarController.m in Sources */,
				1E55730F1BDE633B00129DB8 /* ImageDownload.m in Sources */,
				1E0551DB1BCBE3EB0024403B /* HomeTimelineTableViewController.m in Sources */,
				1E0551D81BC7BC000024403B /* Authorization.m in Sources */,
				1E3E6E1C1BC54AEA00A98CCC /* TwitterFeed.m in Sources */,
				1E4849421BFA7E3100E7A3DA /* Tweet+CoreDataProperties.m in Sources */,
				1E4849181BEEA2CE00E7A3DA /* User.m in Sources */,
				1E5572F91BD6822500129DB8 /* CreateTweetViewController.m in Sources */,
				1E48491D1BF139F300E7A3DA /* NSString+TwitterEncode.m in Sources */,
				1E3E6DC11BC40A8D00A98CCC /* Tweet_to.xcdatamodeld in Sources */,
				1E773AC81BDF9C89007A2C75 /* MyTweetsTableViewController.m in Sources */,
				1E4849071BE8D9CD00E7A3DA /* OauthSLFramework.m in Sources */,
				1E3E6DB81BC40A8D00A98CCC /* AppDelegate.m in Sources */,
				1E48490B1BECCBB500E7A3DA /* FollowerTableViewController.m in Sources */,
				1E48491A1BEEA2CE00E7A3DA /* Tweet.m in Sources */,
				1E5573081BDA51D200129DB8 /* UserTimelineTableViewController.m in Sources */,
				1EFDD7EC1BCFB6D8004849A1 /* TweetTableViewCell.m in Sources */,
				1E3E6DB51BC40A8D00A98CCC /* main.m in Sources */,
				1E773AC41BDF7562007A2C75 /* GenericTweetTableViewController.m in Sources */,
			);
			runOnlyForDeploymentPostprocessing = 0;
		};
		1E3E6DC81BC40A8D00A98CCC /* Sources */ = {
			isa = PBXSourcesBuildPhase;
			buildActionMask = 2147483647;
			files = (
				1E3E6DD11BC40A8D00A98CCC /* Tweet_toTests.m in Sources */,
			);
			runOnlyForDeploymentPostprocessing = 0;
		};
		1E3E6DD31BC40A8D00A98CCC /* Sources */ = {
			isa = PBXSourcesBuildPhase;
			buildActionMask = 2147483647;
			files = (
				1E3E6DDC1BC40A8D00A98CCC /* Tweet_toUITests.m in Sources */,
			);
			runOnlyForDeploymentPostprocessing = 0;
		};
/* End PBXSourcesBuildPhase section */

/* Begin PBXTargetDependency section */
		1E3E6DCE1BC40A8D00A98CCC /* PBXTargetDependency */ = {
			isa = PBXTargetDependency;
			target = 1E3E6DAF1BC40A8D00A98CCC /* Tweet-to */;
			targetProxy = 1E3E6DCD1BC40A8D00A98CCC /* PBXContainerItemProxy */;
		};
		1E3E6DD91BC40A8D00A98CCC /* PBXTargetDependency */ = {
			isa = PBXTargetDependency;
			target = 1E3E6DAF1BC40A8D00A98CCC /* Tweet-to */;
			targetProxy = 1E3E6DD81BC40A8D00A98CCC /* PBXContainerItemProxy */;
		};
/* End PBXTargetDependency section */

/* Begin PBXVariantGroup section */
		1E3E6DBC1BC40A8D00A98CCC /* Main.storyboard */ = {
			isa = PBXVariantGroup;
			children = (
				1E3E6DBD1BC40A8D00A98CCC /* Base */,
			);
			name = Main.storyboard;
			sourceTree = "<group>";
		};
		1E3E6DC41BC40A8D00A98CCC /* LaunchScreen.storyboard */ = {
			isa = PBXVariantGroup;
			children = (
				1E3E6DC51BC40A8D00A98CCC /* Base */,
			);
			name = LaunchScreen.storyboard;
			sourceTree = "<group>";
		};
/* End PBXVariantGroup section */

/* Begin XCBuildConfiguration section */
		1E3E6DDE1BC40A8D00A98CCC /* Debug */ = {
			isa = XCBuildConfiguration;
			buildSettings = {
				ALWAYS_SEARCH_USER_PATHS = NO;
				CLANG_CXX_LANGUAGE_STANDARD = "gnu++0x";
				CLANG_CXX_LIBRARY = "libc++";
				CLANG_ENABLE_MODULES = YES;
				CLANG_ENABLE_OBJC_ARC = YES;
				CLANG_WARN_BOOL_CONVERSION = YES;
				CLANG_WARN_CONSTANT_CONVERSION = YES;
				CLANG_WARN_DIRECT_OBJC_ISA_USAGE = YES_ERROR;
				CLANG_WARN_EMPTY_BODY = YES;
				CLANG_WARN_ENUM_CONVERSION = YES;
				CLANG_WARN_INT_CONVERSION = YES;
				CLANG_WARN_OBJC_ROOT_CLASS = YES_ERROR;
				CLANG_WARN_UNREACHABLE_CODE = YES;
				CLANG_WARN__DUPLICATE_METHOD_MATCH = YES;
				"CODE_SIGN_IDENTITY[sdk=iphoneos*]" = "iPhone Developer";
				COPY_PHASE_STRIP = NO;
				DEBUG_INFORMATION_FORMAT = dwarf;
				ENABLE_STRICT_OBJC_MSGSEND = YES;
				ENABLE_TESTABILITY = YES;
				GCC_C_LANGUAGE_STANDARD = gnu99;
				GCC_DYNAMIC_NO_PIC = NO;
				GCC_NO_COMMON_BLOCKS = YES;
				GCC_OPTIMIZATION_LEVEL = 0;
				GCC_PREPROCESSOR_DEFINITIONS = (
					"DEBUG=1",
					"$(inherited)",
				);
				GCC_WARN_64_TO_32_BIT_CONVERSION = YES;
				GCC_WARN_ABOUT_RETURN_TYPE = YES_ERROR;
				GCC_WARN_UNDECLARED_SELECTOR = YES;
				GCC_WARN_UNINITIALIZED_AUTOS = YES_AGGRESSIVE;
				GCC_WARN_UNUSED_FUNCTION = YES;
				GCC_WARN_UNUSED_VARIABLE = YES;
				IPHONEOS_DEPLOYMENT_TARGET = 9.0;
				MTL_ENABLE_DEBUG_INFO = YES;
				ONLY_ACTIVE_ARCH = YES;
				SDKROOT = iphoneos;
			};
			name = Debug;
		};
		1E3E6DDF1BC40A8D00A98CCC /* Release */ = {
			isa = XCBuildConfiguration;
			buildSettings = {
				ALWAYS_SEARCH_USER_PATHS = NO;
				CLANG_CXX_LANGUAGE_STANDARD = "gnu++0x";
				CLANG_CXX_LIBRARY = "libc++";
				CLANG_ENABLE_MODULES = YES;
				CLANG_ENABLE_OBJC_ARC = YES;
				CLANG_WARN_BOOL_CONVERSION = YES;
				CLANG_WARN_CONSTANT_CONVERSION = YES;
				CLANG_WARN_DIRECT_OBJC_ISA_USAGE = YES_ERROR;
				CLANG_WARN_EMPTY_BODY = YES;
				CLANG_WARN_ENUM_CONVERSION = YES;
				CLANG_WARN_INT_CONVERSION = YES;
				CLANG_WARN_OBJC_ROOT_CLASS = YES_ERROR;
				CLANG_WARN_UNREACHABLE_CODE = YES;
				CLANG_WARN__DUPLICATE_METHOD_MATCH = YES;
				"CODE_SIGN_IDENTITY[sdk=iphoneos*]" = "iPhone Developer";
				COPY_PHASE_STRIP = NO;
				DEBUG_INFORMATION_FORMAT = "dwarf-with-dsym";
				ENABLE_NS_ASSERTIONS = NO;
				ENABLE_STRICT_OBJC_MSGSEND = YES;
				GCC_C_LANGUAGE_STANDARD = gnu99;
				GCC_NO_COMMON_BLOCKS = YES;
				GCC_WARN_64_TO_32_BIT_CONVERSION = YES;
				GCC_WARN_ABOUT_RETURN_TYPE = YES_ERROR;
				GCC_WARN_UNDECLARED_SELECTOR = YES;
				GCC_WARN_UNINITIALIZED_AUTOS = YES_AGGRESSIVE;
				GCC_WARN_UNUSED_FUNCTION = YES;
				GCC_WARN_UNUSED_VARIABLE = YES;
				IPHONEOS_DEPLOYMENT_TARGET = 9.0;
				MTL_ENABLE_DEBUG_INFO = NO;
				SDKROOT = iphoneos;
				VALIDATE_PRODUCT = YES;
			};
			name = Release;
		};
		1E3E6DE11BC40A8D00A98CCC /* Debug */ = {
			isa = XCBuildConfiguration;
			buildSettings = {
				ASSETCATALOG_COMPILER_APPICON_NAME = AppIcon;
				CODE_SIGN_IDENTITY = "iPhone Developer";
				"CODE_SIGN_IDENTITY[sdk=iphoneos*]" = "iPhone Developer";
				INFOPLIST_FILE = "Tweet-to/Info.plist";
				IPHONEOS_DEPLOYMENT_TARGET = 7.0;
				LD_RUNPATH_SEARCH_PATHS = "$(inherited) @executable_path/Frameworks";
				PRODUCT_BUNDLE_IDENTIFIER = "com.riva.shitij.Tweet-to";
				PRODUCT_NAME = "$(TARGET_NAME)";
				PROVISIONING_PROFILE = "";
				TARGETED_DEVICE_FAMILY = "1,2";
			};
			name = Debug;
		};
		1E3E6DE21BC40A8D00A98CCC /* Release */ = {
			isa = XCBuildConfiguration;
			buildSettings = {
				ASSETCATALOG_COMPILER_APPICON_NAME = AppIcon;
				CODE_SIGN_IDENTITY = "iPhone Developer";
				"CODE_SIGN_IDENTITY[sdk=iphoneos*]" = "iPhone Developer";
				INFOPLIST_FILE = "Tweet-to/Info.plist";
				IPHONEOS_DEPLOYMENT_TARGET = 7.0;
				LD_RUNPATH_SEARCH_PATHS = "$(inherited) @executable_path/Frameworks";
				PRODUCT_BUNDLE_IDENTIFIER = "com.riva.shitij.Tweet-to";
				PRODUCT_NAME = "$(TARGET_NAME)";
				PROVISIONING_PROFILE = "";
				TARGETED_DEVICE_FAMILY = "1,2";
			};
			name = Release;
		};
		1E3E6DE41BC40A8D00A98CCC /* Debug */ = {
			isa = XCBuildConfiguration;
			buildSettings = {
				BUNDLE_LOADER = "$(TEST_HOST)";
				INFOPLIST_FILE = "Tweet-toTests/Info.plist";
				LD_RUNPATH_SEARCH_PATHS = "$(inherited) @executable_path/Frameworks @loader_path/Frameworks";
				PRODUCT_BUNDLE_IDENTIFIER = "com.riva.shitij.Tweet-toTests";
				PRODUCT_NAME = "$(TARGET_NAME)";
				TEST_HOST = "$(BUILT_PRODUCTS_DIR)/Tweet-to.app/Tweet-to";
			};
			name = Debug;
		};
		1E3E6DE51BC40A8D00A98CCC /* Release */ = {
			isa = XCBuildConfiguration;
			buildSettings = {
				BUNDLE_LOADER = "$(TEST_HOST)";
				INFOPLIST_FILE = "Tweet-toTests/Info.plist";
				LD_RUNPATH_SEARCH_PATHS = "$(inherited) @executable_path/Frameworks @loader_path/Frameworks";
				PRODUCT_BUNDLE_IDENTIFIER = "com.riva.shitij.Tweet-toTests";
				PRODUCT_NAME = "$(TARGET_NAME)";
				TEST_HOST = "$(BUILT_PRODUCTS_DIR)/Tweet-to.app/Tweet-to";
			};
			name = Release;
		};
		1E3E6DE71BC40A8D00A98CCC /* Debug */ = {
			isa = XCBuildConfiguration;
			buildSettings = {
				INFOPLIST_FILE = "Tweet-toUITests/Info.plist";
				LD_RUNPATH_SEARCH_PATHS = "$(inherited) @executable_path/Frameworks @loader_path/Frameworks";
				PRODUCT_BUNDLE_IDENTIFIER = "com.riva.shitij.Tweet-toUITests";
				PRODUCT_NAME = "$(TARGET_NAME)";
				TEST_TARGET_NAME = "Tweet-to";
				USES_XCTRUNNER = YES;
			};
			name = Debug;
		};
		1E3E6DE81BC40A8D00A98CCC /* Release */ = {
			isa = XCBuildConfiguration;
			buildSettings = {
				INFOPLIST_FILE = "Tweet-toUITests/Info.plist";
				LD_RUNPATH_SEARCH_PATHS = "$(inherited) @executable_path/Frameworks @loader_path/Frameworks";
				PRODUCT_BUNDLE_IDENTIFIER = "com.riva.shitij.Tweet-toUITests";
				PRODUCT_NAME = "$(TARGET_NAME)";
				TEST_TARGET_NAME = "Tweet-to";
				USES_XCTRUNNER = YES;
			};
			name = Release;
		};
/* End XCBuildConfiguration section */

/* Begin XCConfigurationList section */
		1E3E6DAB1BC40A8D00A98CCC /* Build configuration list for PBXProject "Tweet-to" */ = {
			isa = XCConfigurationList;
			buildConfigurations = (
				1E3E6DDE1BC40A8D00A98CCC /* Debug */,
				1E3E6DDF1BC40A8D00A98CCC /* Release */,
			);
			defaultConfigurationIsVisible = 0;
			defaultConfigurationName = Release;
		};
		1E3E6DE01BC40A8D00A98CCC /* Build configuration list for PBXNativeTarget "Tweet-to" */ = {
			isa = XCConfigurationList;
			buildConfigurations = (
				1E3E6DE11BC40A8D00A98CCC /* Debug */,
				1E3E6DE21BC40A8D00A98CCC /* Release */,
			);
			defaultConfigurationIsVisible = 0;
			defaultConfigurationName = Release;
		};
		1E3E6DE31BC40A8D00A98CCC /* Build configuration list for PBXNativeTarget "Tweet-toTests" */ = {
			isa = XCConfigurationList;
			buildConfigurations = (
				1E3E6DE41BC40A8D00A98CCC /* Debug */,
				1E3E6DE51BC40A8D00A98CCC /* Release */,
			);
			defaultConfigurationIsVisible = 0;
			defaultConfigurationName = Release;
		};
		1E3E6DE61BC40A8D00A98CCC /* Build configuration list for PBXNativeTarget "Tweet-toUITests" */ = {
			isa = XCConfigurationList;
			buildConfigurations = (
				1E3E6DE71BC40A8D00A98CCC /* Debug */,
				1E3E6DE81BC40A8D00A98CCC /* Release */,
			);
			defaultConfigurationIsVisible = 0;
			defaultConfigurationName = Release;
		};
/* End XCConfigurationList section */

/* Begin XCVersionGroup section */
		1E3E6DBF1BC40A8D00A98CCC /* Tweet_to.xcdatamodeld */ = {
			isa = XCVersionGroup;
			children = (
				1E3E6DC01BC40A8D00A98CCC /* Tweet_to.xcdatamodel */,
			);
			currentVersion = 1E3E6DC01BC40A8D00A98CCC /* Tweet_to.xcdatamodel */;
			path = Tweet_to.xcdatamodeld;
			sourceTree = "<group>";
			versionGroupType = wrapper.xcdatamodel;
		};
/* End XCVersionGroup section */
	};
	rootObject = 1E3E6DA81BC40A8D00A98CCC /* Project object */;
}
